
Microsoft Visual Studio Solution File, Format Version 12.00
# Visual Studio Version 17
VisualStudioVersion = 17.4.33110.190
MinimumVisualStudioVersion = 10.0.40219.1
Project("{9A19103F-16F7-4668-BE54-9A1E7A4F7556}") = "NSwagClient", "NSwagClient\NSwagClient.csproj", "{D09685BB-C797-4369-9198-51BAD1D54645}"
EndProject
Project("{2150E333-8FDC-42A3-9474-1A3956D46DE8}") = "SampleModels", "SampleModels", "{C0E3DC9E-73B1-435C-A0AD-421A119D1B36}"
	ProjectSection(SolutionItems) = preProject
		SampleModels\petstore-openapi3.json = SampleModels\petstore-openapi3.json
	EndProjectSection
EndProject
Global
	GlobalSection(SolutionConfigurationPlatforms) = preSolution
		Debug|Any CPU = Debug|Any CPU
		Release|Any CPU = Release|Any CPU
	EndGlobalSection
	GlobalSection(ProjectConfigurationPlatforms) = postSolution
		{D09685BB-C797-4369-9198-51BAD1D54645}.Debug|Any CPU.ActiveCfg = Debug|Any CPU
		{D09685BB-C797-4369-9198-51BAD1D54645}.Debug|Any CPU.Build.0 = Debug|Any CPU
		{D09685BB-C797-4369-9198-51BAD1D54645}.Release|Any CPU.ActiveCfg = Release|Any CPU
		{D09685BB-C797-4369-9198-51BAD1D54645}.Release|Any CPU.Build.0 = Release|Any CPU
	EndGlobalSection
	GlobalSection(SolutionProperties) = preSolution
		HideSolutionNode = FALSE
	EndGlobalSection
	GlobalSection(ExtensibilityGlobals) = postSolution
		SolutionGuid = {94A75B87-22BA-48EA-8EDC-E105B4AA97F6}
	EndGlobalSection
EndGlobal
