
Microsoft Visual Studio Solution File, Format Version 12.00
# Visual Studio Version 17
VisualStudioVersion = 17.4.33110.190
MinimumVisualStudioVersion = 10.0.40219.1
Project("{9A19103F-16F7-4668-BE54-9A1E7A4F7556}") = "DapperActiveRecordPocos", "DapperActiveRecordPocos.csproj", "{DB767122-72E0-49A3-A7C1-61C157D55C99}"
EndProject
Project("{9A19103F-16F7-4668-BE54-9A1E7A4F7556}") = "SampleUsage", "SampleUsage\SampleUsage.csproj", "{6A521D8B-1516-4195-86D4-1FFAE8CF5D9C}"
EndProject
Global
	GlobalSection(SolutionConfigurationPlatforms) = preSolution
		Debug|Any CPU = Debug|Any CPU
		Release|Any CPU = Release|Any CPU
	EndGlobalSection
	GlobalSection(ProjectConfigurationPlatforms) = postSolution
		{DB767122-72E0-49A3-A7C1-61C157D55C99}.Debug|Any CPU.ActiveCfg = Debug|Any CPU
		{DB767122-72E0-49A3-A7C1-61C157D55C99}.Debug|Any CPU.Build.0 = Debug|Any CPU
		{DB767122-72E0-49A3-A7C1-61C157D55C99}.Release|Any CPU.ActiveCfg = Release|Any CPU
		{DB767122-72E0-49A3-A7C1-61C157D55C99}.Release|Any CPU.Build.0 = Release|Any CPU
		{6A521D8B-1516-4195-86D4-1FFAE8CF5D9C}.Debug|Any CPU.ActiveCfg = Debug|Any CPU
		{6A521D8B-1516-4195-86D4-1FFAE8CF5D9C}.Debug|Any CPU.Build.0 = Debug|Any CPU
		{6A521D8B-1516-4195-86D4-1FFAE8CF5D9C}.Release|Any CPU.ActiveCfg = Release|Any CPU
		{6A521D8B-1516-4195-86D4-1FFAE8CF5D9C}.Release|Any CPU.Build.0 = Release|Any CPU
	EndGlobalSection
	GlobalSection(SolutionProperties) = preSolution
		HideSolutionNode = FALSE
	EndGlobalSection
	GlobalSection(ExtensibilityGlobals) = postSolution
		SolutionGuid = {94A75B87-22BA-48EA-8EDC-E105B4AA97F6}
	EndGlobalSection
EndGlobal
